Microsoft Visual Studio Solution File, Format Version 11.00
# Visual Studio 2008

Project("{224B0A93-8844-8217-20D3-7B2F5E044CE2}") = "Word Game", "Assembly-CSharp.csproj", "{0B41308E-C13C-D484-EBF0-60CD5EDE3FDE}"
EndProject
Global
	GlobalSection(SolutionConfigurationPlatforms) = preSolution
		Debug|Any CPU = Debug|Any CPU
		Release|Any CPU = Release|Any CPU
	EndGlobalSection
	GlobalSection(ProjectConfigurationPlatforms) = postSolution
		{0B41308E-C13C-D484-EBF0-60CD5EDE3FDE}.Debug|Any CPU.ActiveCfg = Debug|Any CPU
		{0B41308E-C13C-D484-EBF0-60CD5EDE3FDE}.Debug|Any CPU.Build.0 = Debug|Any CPU
		{0B41308E-C13C-D484-EBF0-60CD5EDE3FDE}.Release|Any CPU.ActiveCfg = Release|Any CPU
		{0B41308E-C13C-D484-EBF0-60CD5EDE3FDE}.Release|Any CPU.Build.0 = Release|Any CPU
	EndGlobalSection
	GlobalSection(SolutionProperties) = preSolution
		HideSolutionNode = FALSE
	EndGlobalSection
	GlobalSection(MonoDevelopProperties) = preSolution
		StartupItem = Assembly-CSharp.csproj
	EndGlobalSection
EndGlobal
